{
  "name": "my-web",
  "lockfileVersion": 3,
  "requires": true,
  "packages": {
    "": {
      "dependencies": {
        "buttons": "^0.1.2",
        "ui": "^0.2.4"
      }
    },
    "node_modules/buttons": {
      "version": "0.1.2",
      "resolved": "https://registry.npmjs.org/buttons/-/buttons-0.1.2.tgz",
      "integrity": "sha512-VthCGHim+tGMXSv1hUCCmgXZkb4SB9grM1Hs3oAaNvRcM28ZMEg5W/KwhZFBekLgxEUuw9UAgf2B5s29SjN+2g==",
      "engines": {
        "node": ">=0.8"
      }
    },
    "node_modules/std": {
      "version": "0.1.40",
      "resolved": "https://registry.npmjs.org/std/-/std-0.1.40.tgz",
      "integrity": "sha512-wUf57hkDGCoVShrhPA8Q7lAg2Qosk+FaMlECmAsr1A4/rL2NRXFHQGBcgMUFKVkPEemJFW9gzjCQisRty14ohg==",
      "engines": {
        "node": "*"
      }
    },
    "node_modules/ui": {
      "version": "0.2.4",
      "resolved": "https://registry.npmjs.org/ui/-/ui-0.2.4.tgz",
      "integrity": "sha512-se2D+frb/i6JwFc7j72IEa0JADF8lfgc6ivOigaYkXHOuZRBtWe8R7UZ2YiXcbJ1dYNsjq40dn39rlNRxmVdPw==",
      "dependencies": {
        "std": "0.1.x"
      },
      "engines": {
        "node": "*"
      }
    }
  }
}
